// !$*UTF8*$!
{
	archiveVersion = 1;
	classes = {
	};
	objectVersion = 46;
	objects = {

/* Begin PBXBuildFile section */
		F32F58AA205355880039BDA7 /* AppDelegate.swift in Sources */ = {isa = PBXBuildFile; fileRef = F32F58A9205355880039BDA7 /* AppDelegate.swift */; };
		F32F58AC205355880039BDA7 /* ViewController.swift in Sources */ = {isa = PBXBuildFile; fileRef = F32F58AB205355880039BDA7 /* ViewController.swift */; };
		F32F58AF205355880039BDA7 /* Main.storyboard in Resources */ = {isa = PBXBuildFile; fileRef = F32F58AD205355880039BDA7 /* Main.storyboard */; };
		F32F58B1205355880039BDA7 /* Assets.xcassets in Resources */ = {isa = PBXBuildFile; fileRef = F32F58B0205355880039BDA7 /* Assets.xcassets */; };
		F32F58B4205355880039BDA7 /* LaunchScreen.storyboard in Resources */ = {isa = PBXBuildFile; fileRef = F32F58B2205355880039BDA7 /* LaunchScreen.storyboard */; };
		F32F58BF205355890039BDA7 /* actividad_9Tests.swift in Sources */ = {isa = PBXBuildFile; fileRef = F32F58BE205355890039BDA7 /* actividad_9Tests.swift */; };
		F32F58CA205355890039BDA7 /* actividad_9UITests.swift in Sources */ = {isa = PBXBuildFile; fileRef = F32F58C9205355890039BDA7 /* actividad_9UITests.swift */; };
		F32F58D820536CB20039BDA7 /* MatchViewController.swift in Sources */ = {isa = PBXBuildFile; fileRef = F32F58D720536CB20039BDA7 /* MatchViewController.swift */; };
/* End PBXBuildFile section */

/* Begin PBXContainerItemProxy section */
		F32F58BB205355880039BDA7 /* PBXContainerItemProxy */ = {
			isa = PBXContainerItemProxy;
			containerPortal = F32F589E205355880039BDA7 /* Project object */;
			proxyType = 1;
			remoteGlobalIDString = F32F58A5205355880039BDA7;
			remoteInfo = "actividad#9";
		};
		F32F58C6205355890039BDA7 /* PBXContainerItemProxy */ = {
			isa = PBXContainerItemProxy;
			containerPortal = F32F589E205355880039BDA7 /* Project object */;
			proxyType = 1;
			remoteGlobalIDString = F32F58A5205355880039BDA7;
			remoteInfo = "actividad#9";
		};
/* End PBXContainerItemProxy section */

/* Begin PBXFileReference section */
		F32F58A6205355880039BDA7 /* actividad#9.app */ = {isa = PBXFileReference; explicitFileType = wrapper.application; includeInIndex = 0; path = "actividad#9.app"; sourceTree = BUILT_PRODUCTS_DIR; };
		F32F58A9205355880039BDA7 /* AppDelegate.swift */ = {isa = PBXFileReference; lastKnownFileType = sourcecode.swift; path = AppDelegate.swift; sourceTree = "<group>"; };
		F32F58AB205355880039BDA7 /* ViewController.swift */ = {isa = PBXFileReference; lastKnownFileType = sourcecode.swift; path = ViewController.swift; sourceTree = "<group>"; };
		F32F58AE205355880039BDA7 /* Base */ = {isa = PBXFileReference; lastKnownFileType = file.storyboard; name = Base; path = Base.lproj/Main.storyboard; sourceTree = "<group>"; };
		F32F58B0205355880039BDA7 /* Assets.xcassets */ = {isa = PBXFileReference; lastKnownFileType = folder.assetcatalog; path = Assets.xcassets; sourceTree = "<group>"; };
		F32F58B3205355880039BDA7 /* Base */ = {isa = PBXFileReference; lastKnownFileType = file.storyboard; name = Base; path = Base.lproj/LaunchScreen.storyboard; sourceTree = "<group>"; };
		F32F58B5205355880039BDA7 /* Info.plist */ = {isa = PBXFileReference; lastKnownFileType = text.plist.xml; path = Info.plist; sourceTree = "<group>"; };
		F32F58BA205355880039BDA7 /* actividad#9Tests.xctest */ = {isa = PBXFileReference; explicitFileType = wrapper.cfbundle; includeInIndex = 0; path = "actividad#9Tests.xctest"; sourceTree = BUILT_PRODUCTS_DIR; };
		F32F58BE205355890039BDA7 /* actividad_9Tests.swift */ = {isa = PBXFileReference; lastKnownFileType = sourcecode.swift; path = actividad_9Tests.swift; sourceTree = "<group>"; };
		F32F58C0205355890039BDA7 /* Info.plist */ = {isa = PBXFileReference; lastKnownFileType = text.plist.xml; path = Info.plist; sourceTree = "<group>"; };
		F32F58C5205355890039BDA7 /* actividad#9UITests.xctest */ = {isa = PBXFileReference; explicitFileType = wrapper.cfbundle; includeInIndex = 0; path = "actividad#9UITests.xctest"; sourceTree = BUILT_PRODUCTS_DIR; };
		F32F58C9205355890039BDA7 /* actividad_9UITests.swift */ = {isa = PBXFileReference; lastKnownFileType = sourcecode.swift; path = actividad_9UITests.swift; sourceTree = "<group>"; };
		F32F58CB205355890039BDA7 /* Info.plist */ = {isa = PBXFileReference; lastKnownFileType = text.plist.xml; path = Info.plist; sourceTree = "<group>"; };
		F32F58D720536CB20039BDA7 /* MatchViewController.swift */ = {isa = PBXFileReference; fileEncoding = 4; lastKnownFileType = sourcecode.swift; path = MatchViewController.swift; sourceTree = "<group>"; };
/* End PBXFileReference section */

/* Begin PBXFrameworksBuildPhase section */
		F32F58A3205355880039BDA7 /* Frameworks */ = {
			isa = PBXFrameworksBuildPhase;
			buildActionMask = 2147483647;
			files = (
			);
			runOnlyForDeploymentPostprocessing = 0;
		};
		F32F58B7205355880039BDA7 /* Frameworks */ = {
			isa = PBXFrameworksBuildPhase;
			buildActionMask = 2147483647;
			files = (
			);
			runOnlyForDeploymentPostprocessing = 0;
		};
		F32F58C2205355890039BDA7 /* Frameworks */ = {
			isa = PBXFrameworksBuildPhase;
			buildActionMask = 2147483647;
			files = (
			);
			runOnlyForDeploymentPostprocessing = 0;
		};
/* End PBXFrameworksBuildPhase section */

/* Begin PBXGroup section */
		F32F589D205355880039BDA7 = {
			isa = PBXGroup;
			children = (
				F32F58A8205355880039BDA7 /* actividad#9 */,
				F32F58BD205355880039BDA7 /* actividad#9Tests */,
				F32F58C8205355890039BDA7 /* actividad#9UITests */,
				F32F58A7205355880039BDA7 /* Products */,
			);
			sourceTree = "<group>";
		};
		F32F58A7205355880039BDA7 /* Products */ = {
			isa = PBXGroup;
			children = (
				F32F58A6205355880039BDA7 /* actividad#9.app */,
				F32F58BA205355880039BDA7 /* actividad#9Tests.xctest */,
				F32F58C5205355890039BDA7 /* actividad#9UITests.xctest */,
			);
			name = Products;
			sourceTree = "<group>";
		};
		F32F58A8205355880039BDA7 /* actividad#9 */ = {
			isa = PBXGroup;
			children = (
				F32F58A9205355880039BDA7 /* AppDelegate.swift */,
				F32F58AB205355880039BDA7 /* ViewController.swift */,
				F32F58D720536CB20039BDA7 /* MatchViewController.swift */,
				F32F58AD205355880039BDA7 /* Main.storyboard */,
				F32F58B0205355880039BDA7 /* Assets.xcassets */,
				F32F58B2205355880039BDA7 /* LaunchScreen.storyboard */,
				F32F58B5205355880039BDA7 /* Info.plist */,
			);
			path = "actividad#9";
			sourceTree = "<group>";
		};
		F32F58BD205355880039BDA7 /* actividad#9Tests */ = {
			isa = PBXGroup;
			children = (
				F32F58BE205355890039BDA7 /* actividad_9Tests.swift */,
				F32F58C0205355890039BDA7 /* Info.plist */,
			);
			path = "actividad#9Tests";
			sourceTree = "<group>";
		};
		F32F58C8205355890039BDA7 /* actividad#9UITests */ = {
			isa = PBXGroup;
			children = (
				F32F58C9205355890039BDA7 /* actividad_9UITests.swift */,
				F32F58CB205355890039BDA7 /* Info.plist */,
			);
			path = "actividad#9UITests";
			sourceTree = "<group>";
		};
/* End PBXGroup section */

/* Begin PBXNativeTarget section */
		F32F58A5205355880039BDA7 /* actividad#9 */ = {
			isa = PBXNativeTarget;
			buildConfigurationList = F32F58CE205355890039BDA7 /* Build configuration list for PBXNativeTarget "actividad#9" */;
			buildPhases = (
				F32F58A2205355880039BDA7 /* Sources */,
				F32F58A3205355880039BDA7 /* Frameworks */,
				F32F58A4205355880039BDA7 /* Resources */,
			);
			buildRules = (
			);
			dependencies = (
			);
			name = "actividad#9";
			productName = "actividad#9";
			productReference = F32F58A6205355880039BDA7 /* actividad#9.app */;
			productType = "com.apple.product-type.application";
		};
		F32F58B9205355880039BDA7 /* actividad#9Tests */ = {
			isa = PBXNativeTarget;
			buildConfigurationList = F32F58D1205355890039BDA7 /* Build configuration list for PBXNativeTarget "actividad#9Tests" */;
			buildPhases = (
				F32F58B6205355880039BDA7 /* Sources */,
				F32F58B7205355880039BDA7 /* Frameworks */,
				F32F58B8205355880039BDA7 /* Resources */,
			);
			buildRules = (
			);
			dependencies = (
				F32F58BC205355880039BDA7 /* PBXTargetDependency */,
			);
			name = "actividad#9Tests";
			productName = "actividad#9Tests";
			productReference = F32F58BA205355880039BDA7 /* actividad#9Tests.xctest */;
			productType = "com.apple.product-type.bundle.unit-test";
		};
		F32F58C4205355890039BDA7 /* actividad#9UITests */ = {
			isa = PBXNativeTarget;
			buildConfigurationList = F32F58D4205355890039BDA7 /* Build configuration list for PBXNativeTarget "actividad#9UITests" */;
			buildPhases = (
				F32F58C1205355890039BDA7 /* Sources */,
				F32F58C2205355890039BDA7 /* Frameworks */,
				F32F58C3205355890039BDA7 /* Resources */,
			);
			buildRules = (
			);
			dependencies = (
				F32F58C7205355890039BDA7 /* PBXTargetDependency */,
			);
			name = "actividad#9UITests";
			productName = "actividad#9UITests";
			productReference = F32F58C5205355890039BDA7 /* actividad#9UITests.xctest */;
			productType = "com.apple.product-type.bundle.ui-testing";
		};
/* End PBXNativeTarget section */

/* Begin PBXProject section */
		F32F589E205355880039BDA7 /* Project object */ = {
			isa = PBXProject;
			attributes = {
				LastSwiftUpdateCheck = 0830;
				LastUpgradeCheck = 0830;
				ORGANIZATIONNAME = "Alumno IDS";
				TargetAttributes = {
					F32F58A5205355880039BDA7 = {
						CreatedOnToolsVersion = 8.3.2;
						ProvisioningStyle = Automatic;
					};
					F32F58B9205355880039BDA7 = {
						CreatedOnToolsVersion = 8.3.2;
						ProvisioningStyle = Automatic;
						TestTargetID = F32F58A5205355880039BDA7;
					};
					F32F58C4205355890039BDA7 = {
						CreatedOnToolsVersion = 8.3.2;
						ProvisioningStyle = Automatic;
						TestTargetID = F32F58A5205355880039BDA7;
					};
				};
			};
			buildConfigurationList = F32F58A1205355880039BDA7 /* Build configuration list for PBXProject "actividad#9" */;
			compatibilityVersion = "Xcode 3.2";
			developmentRegion = English;
			hasScannedForEncodings = 0;
			knownRegions = (
				en,
				Base,
			);
			mainGroup = F32F589D205355880039BDA7;
			productRefGroup = F32F58A7205355880039BDA7 /* Products */;
			projectDirPath = "";
			projectRoot = "";
			targets = (
				F32F58A5205355880039BDA7 /* actividad#9 */,
				F32F58B9205355880039BDA7 /* actividad#9Tests */,
				F32F58C4205355890039BDA7 /* actividad#9UITests */,
			);
		};
/* End PBXProject section */

/* Begin PBXResourcesBuildPhase section */
		F32F58A4205355880039BDA7 /* Resources */ = {
			isa = PBXResourcesBuildPhase;
			buildActionMask = 2147483647;
			files = (
				F32F58B4205355880039BDA7 /* LaunchScreen.storyboard in Resources */,
				F32F58B1205355880039BDA7 /* Assets.xcassets in Resources */,
				F32F58AF205355880039BDA7 /* Main.storyboard in Resources */,
			);
			runOnlyForDeploymentPostprocessing = 0;
		};
		F32F58B8205355880039BDA7 /* Resources */ = {
			isa = PBXResourcesBuildPhase;
			buildActionMask = 2147483647;
			files = (
			);
			runOnlyForDeploymentPostprocessing = 0;
		};
		F32F58C3205355890039BDA7 /* Resources */ = {
			isa = PBXResourcesBuildPhase;
			buildActionMask = 2147483647;
			files = (
			);
			runOnlyForDeploymentPostprocessing = 0;
		};
/* End PBXResourcesBuildPhase section */

/* Begin PBXSourcesBuildPhase section */
		F32F58A2205355880039BDA7 /* Sources */ = {
			isa = PBXSourcesBuildPhase;
			buildActionMask = 2147483647;
			files = (
				F32F58D820536CB20039BDA7 /* MatchViewController.swift in Sources */,
				F32F58AC205355880039BDA7 /* ViewController.swift in Sources */,
				F32F58AA205355880039BDA7 /* AppDelegate.swift in Sources */,
			);
			runOnlyForDeploymentPostprocessing = 0;
		};
		F32F58B6205355880039BDA7 /* Sources */ = {
			isa = PBXSourcesBuildPhase;
			buildActionMask = 2147483647;
			files = (
				F32F58BF205355890039BDA7 /* actividad_9Tests.swift in Sources */,
			);
			runOnlyForDeploymentPostprocessing = 0;
		};
		F32F58C1205355890039BDA7 /* Sources */ = {
			isa = PBXSourcesBuildPhase;
			buildActionMask = 2147483647;
			files = (
				F32F58CA205355890039BDA7 /* actividad_9UITests.swift in Sources */,
			);
			runOnlyForDeploymentPostprocessing = 0;
		};
/* End PBXSourcesBuildPhase section */

/* Begin PBXTargetDependency section */
		F32F58BC205355880039BDA7 /* PBXTargetDependency */ = {
			isa = PBXTargetDependency;
			target = F32F58A5205355880039BDA7 /* actividad#9 */;
			targetProxy = F32F58BB205355880039BDA7 /* PBXContainerItemProxy */;
		};
		F32F58C7205355890039BDA7 /* PBXTargetDependency */ = {
			isa = PBXTargetDependency;
			target = F32F58A5205355880039BDA7 /* actividad#9 */;
			targetProxy = F32F58C6205355890039BDA7 /* PBXContainerItemProxy */;
		};
/* End PBXTargetDependency section */

/* Begin PBXVariantGroup section */
		F32F58AD205355880039BDA7 /* Main.storyboard */ = {
			isa = PBXVariantGroup;
			children = (
				F32F58AE205355880039BDA7 /* Base */,
			);
			name = Main.storyboard;
			sourceTree = "<group>";
		};
		F32F58B2205355880039BDA7 /* LaunchScreen.storyboard */ = {
			isa = PBXVariantGroup;
			children = (
				F32F58B3205355880039BDA7 /* Base */,
			);
			name = LaunchScreen.storyboard;
			sourceTree = "<group>";
		};
/* End PBXVariantGroup section */

/* Begin XCBuildConfiguration section */
		F32F58CC205355890039BDA7 /* Debug */ = {
			isa = XCBuildConfiguration;
			buildSettings = {
				ALWAYS_SEARCH_USER_PATHS = NO;
				CLANG_ANALYZER_NONNULL = YES;
				CLANG_ANALYZER_NUMBER_OBJECT_CONVERSION = YES_AGGRESSIVE;
				CLANG_CXX_LANGUAGE_STANDARD = "gnu++0x";
				CLANG_CXX_LIBRARY = "libc++";
				CLANG_ENABLE_MODULES = YES;
				CLANG_ENABLE_OBJC_ARC = YES;
				CLANG_WARN_BOOL_CONVERSION = YES;
				CLANG_WARN_CONSTANT_CONVERSION = YES;
				CLANG_WARN_DIRECT_OBJC_ISA_USAGE = YES_ERROR;
				CLANG_WARN_DOCUMENTATION_COMMENTS = YES;
				CLANG_WARN_EMPTY_BODY = YES;
				CLANG_WARN_ENUM_CONVERSION = YES;
				CLANG_WARN_INFINITE_RECURSION = YES;
				CLANG_WARN_INT_CONVERSION = YES;
				CLANG_WARN_OBJC_ROOT_CLASS = YES_ERROR;
				CLANG_WARN_SUSPICIOUS_MOVE = YES;
				CLANG_WARN_UNREACHABLE_CODE = YES;
				CLANG_WARN__DUPLICATE_METHOD_MATCH = YES;
				"CODE_SIGN_IDENTITY[sdk=iphoneos*]" = "iPhone Developer";
				COPY_PHASE_STRIP = NO;
				DEBUG_INFORMATION_FORMAT = dwarf;
				ENABLE_STRICT_OBJC_MSGSEND = YES;
				ENABLE_TESTABILITY = YES;
				GCC_C_LANGUAGE_STANDARD = gnu99;
				GCC_DYNAMIC_NO_PIC = NO;
				GCC_NO_COMMON_BLOCKS = YES;
				GCC_OPTIMIZATION_LEVEL = 0;
				GCC_PREPROCESSOR_DEFINITIONS = (
					"DEBUG=1",
					"$(inherited)",
				);
				GCC_WARN_64_TO_32_BIT_CONVERSION = YES;
				GCC_WARN_ABOUT_RETURN_TYPE = YES_ERROR;
				GCC_WARN_UNDECLARED_SELECTOR = YES;
				GCC_WARN_UNINITIALIZED_AUTOS = YES_AGGRESSIVE;
				GCC_WARN_UNUSED_FUNCTION = YES;
				GCC_WARN_UNUSED_VARIABLE = YES;
				IPHONEOS_DEPLOYMENT_TARGET = 10.3;
				MTL_ENABLE_DEBUG_INFO = YES;
				ONLY_ACTIVE_ARCH = YES;
				SDKROOT = iphoneos;
				SWIFT_ACTIVE_COMPILATION_CONDITIONS = DEBUG;
				SWIFT_OPTIMIZATION_LEVEL = "-Onone";
				TARGETED_DEVICE_FAMILY = "1,2";
			};
			name = Debug;
		};
		F32F58CD205355890039BDA7 /* Release */ = {
			isa = XCBuildConfiguration;
			buildSettings = {
				ALWAYS_SEARCH_USER_PATHS = NO;
				CLANG_ANALYZER_NONNULL = YES;
				CLANG_ANALYZER_NUMBER_OBJECT_CONVERSION = YES_AGGRESSIVE;
				CLANG_CXX_LANGUAGE_STANDARD = "gnu++0x";
				CLANG_CXX_LIBRARY = "libc++";
				CLANG_ENABLE_MODULES = YES;
				CLANG_ENABLE_OBJC_ARC = YES;
				CLANG_WARN_BOOL_CONVERSION = YES;
				CLANG_WARN_CONSTANT_CONVERSION = YES;
				CLANG_WARN_DIRECT_OBJC_ISA_USAGE = YES_ERROR;
				CLANG_WARN_DOCUMENTATION_COMMENTS = YES;
				CLANG_WARN_EMPTY_BODY = YES;
				CLANG_WARN_ENUM_CONVERSION = YES;
				CLANG_WARN_INFINITE_RECURSION = YES;
				CLANG_WARN_INT_CONVERSION = YES;
				CLANG_WARN_OBJC_ROOT_CLASS = YES_ERROR;
				CLANG_WARN_SUSPICIOUS_MOVE = YES;
				CLANG_WARN_UNREACHABLE_CODE = YES;
				CLANG_WARN__DUPLICATE_METHOD_MATCH = YES;
				"CODE_SIGN_IDENTITY[sdk=iphoneos*]" = "iPhone Developer";
				COPY_PHASE_STRIP = NO;
				DEBUG_INFORMATION_FORMAT = "dwarf-with-dsym";
				ENABLE_NS_ASSERTIONS = NO;
				ENABLE_STRICT_OBJC_MSGSEND = YES;
				GCC_C_LANGUAGE_STANDARD = gnu99;
				GCC_NO_COMMON_BLOCKS = YES;
				GCC_WARN_64_TO_32_BIT_CONVERSION = YES;
				GCC_WARN_ABOUT_RETURN_TYPE = YES_ERROR;
				GCC_WARN_UNDECLARED_SELECTOR = YES;
				GCC_WARN_UNINITIALIZED_AUTOS = YES_AGGRESSIVE;
				GCC_WARN_UNUSED_FUNCTION = YES;
				GCC_WARN_UNUSED_VARIABLE = YES;
				IPHONEOS_DEPLOYMENT_TARGET = 10.3;
				MTL_ENABLE_DEBUG_INFO = NO;
				SDKROOT = iphoneos;
				SWIFT_OPTIMIZATION_LEVEL = "-Owholemodule";
				TARGETED_DEVICE_FAMILY = "1,2";
				VALIDATE_PRODUCT = YES;
			};
			name = Release;
		};
		F32F58CF205355890039BDA7 /* Debug */ = {
			isa = XCBuildConfiguration;
			buildSettings = {
				ASSETCATALOG_COMPILER_APPICON_NAME = AppIcon;
				INFOPLIST_FILE = "actividad#9/Info.plist";
				LD_RUNPATH_SEARCH_PATHS = "$(inherited) @executable_path/Frameworks";
				PRODUCT_BUNDLE_IDENTIFIER = "IDS.actividad-9";
				PRODUCT_NAME = "$(TARGET_NAME)";
				SWIFT_VERSION = 3.0;
			};
			name = Debug;
		};
		F32F58D0205355890039BDA7 /* Release */ = {
			isa = XCBuildConfiguration;
			buildSettings = {
				ASSETCATALOG_COMPILER_APPICON_NAME = AppIcon;
				INFOPLIST_FILE = "actividad#9/Info.plist";
				LD_RUNPATH_SEARCH_PATHS = "$(inherited) @executable_path/Frameworks";
				PRODUCT_BUNDLE_IDENTIFIER = "IDS.actividad-9";
				PRODUCT_NAME = "$(TARGET_NAME)";
				SWIFT_VERSION = 3.0;
			};
			name = Release;
		};
		F32F58D2205355890039BDA7 /* Debug */ = {
			isa = XCBuildConfiguration;
			buildSettings = {
				ALWAYS_EMBED_SWIFT_STANDARD_LIBRARIES = YES;
				BUNDLE_LOADER = "$(TEST_HOST)";
				INFOPLIST_FILE = "actividad#9Tests/Info.plist";
				LD_RUNPATH_SEARCH_PATHS = "$(inherited) @executable_path/Frameworks @loader_path/Frameworks";
				PRODUCT_BUNDLE_IDENTIFIER = "IDS.actividad-9Tests";
				PRODUCT_NAME = "$(TARGET_NAME)";
				SWIFT_VERSION = 3.0;
				TEST_HOST = "$(BUILT_PRODUCTS_DIR)/actividad#9.app/actividad#9";
			};
			name = Debug;
		};
		F32F58D3205355890039BDA7 /* Release */ = {
			isa = XCBuildConfiguration;
			buildSettings = {
				ALWAYS_EMBED_SWIFT_STANDARD_LIBRARIES = YES;
				BUNDLE_LOADER = "$(TEST_HOST)";
				INFOPLIST_FILE = "actividad#9Tests/Info.plist";
				LD_RUNPATH_SEARCH_PATHS = "$(inherited) @executable_path/Frameworks @loader_path/Frameworks";
				PRODUCT_BUNDLE_IDENTIFIER = "IDS.actividad-9Tests";
				PRODUCT_NAME = "$(TARGET_NAME)";
				SWIFT_VERSION = 3.0;
				TEST_HOST = "$(BUILT_PRODUCTS_DIR)/actividad#9.app/actividad#9";
			};
			name = Release;
		};
		F32F58D5205355890039BDA7 /* Debug */ = {
			isa = XCBuildConfiguration;
			buildSettings = {
				ALWAYS_EMBED_SWIFT_STANDARD_LIBRARIES = YES;
				INFOPLIST_FILE = "actividad#9UITests/Info.plist";
				LD_RUNPATH_SEARCH_PATHS = "$(inherited) @executable_path/Frameworks @loader_path/Frameworks";
				PRODUCT_BUNDLE_IDENTIFIER = "IDS.actividad-9UITests";
				PRODUCT_NAME = "$(TARGET_NAME)";
				SWIFT_VERSION = 3.0;
				TEST_TARGET_NAME = "actividad#9";
			};
			name = Debug;
		};
		F32F58D6205355890039BDA7 /* Release */ = {
			isa = XCBuildConfiguration;
			buildSettings = {
				ALWAYS_EMBED_SWIFT_STANDARD_LIBRARIES = YES;
				INFOPLIST_FILE = "actividad#9UITests/Info.plist";
				LD_RUNPATH_SEARCH_PATHS = "$(inherited) @executable_path/Frameworks @loader_path/Frameworks";
				PRODUCT_BUNDLE_IDENTIFIER = "IDS.actividad-9UITests";
				PRODUCT_NAME = "$(TARGET_NAME)";
				SWIFT_VERSION = 3.0;
				TEST_TARGET_NAME = "actividad#9";
			};
			name = Release;
		};
/* End XCBuildConfiguration section */

/* Begin XCConfigurationList section */
		F32F58A1205355880039BDA7 /* Build configuration list for PBXProject "actividad#9" */ = {
			isa = XCConfigurationList;
			buildConfigurations = (
				F32F58CC205355890039BDA7 /* Debug */,
				F32F58CD205355890039BDA7 /* Release */,
			);
			defaultConfigurationIsVisible = 0;
			defaultConfigurationName = Release;
		};
		F32F58CE205355890039BDA7 /* Build configuration list for PBXNativeTarget "actividad#9" */ = {
			isa = XCConfigurationList;
			buildConfigurations = (
				F32F58CF205355890039BDA7 /* Debug */,
				F32F58D0205355890039BDA7 /* Release */,
			);
			defaultConfigurationIsVisible = 0;
		};
		F32F58D1205355890039BDA7 /* Build configuration list for PBXNativeTarget "actividad#9Tests" */ = {
			isa = XCConfigurationList;
			buildConfigurations = (
				F32F58D2205355890039BDA7 /* Debug */,
				F32F58D3205355890039BDA7 /* Release */,
			);
			defaultConfigurationIsVisible = 0;
		};
		F32F58D4205355890039BDA7 /* Build configuration list for PBXNativeTarget "actividad#9UITests" */ = {
			isa = XCConfigurationList;
			buildConfigurations = (
				F32F58D5205355890039BDA7 /* Debug */,
				F32F58D6205355890039BDA7 /* Release */,
			);
			defaultConfigurationIsVisible = 0;
		};
/* End XCConfigurationList section */
	};
	rootObject = F32F589E205355880039BDA7 /* Project object */;
}
